
Microsoft Visual Studio Solution File, Format Version 12.00
# Visual Studio 15
VisualStudioVersion = 15.0.26228.4
MinimumVisualStudioVersion = 10.0.40219.1
Project("{FAE04EC0-301F-11D3-BF4B-00C04F79EFBC}") = "Cocon90.DynamicReflection", "Cocon90.DynamicReflection\Cocon90.DynamicReflection.csproj", "{6D6B161C-F037-4D4B-BD06-E251925FC25E}"
EndProject
Project("{FAE04EC0-301F-11D3-BF4B-00C04F79EFBC}") = "Cocon90.Core.DynamicReflection", "Cocon90.Core.DynamicReflection\Cocon90.Core.DynamicReflection.csproj", "{1060D80B-1327-4470-82C6-A7615BD1D721}"
EndProject
Project("{FAE04EC0-301F-11D3-BF4B-00C04F79EFBC}") = "Cocon90.Test.Core", "Cocon90.Test.Core\Cocon90.Test.Core.csproj", "{FEBF39EA-0609-42C5-8933-7B9862746BD8}"
EndProject
Global
	GlobalSection(SolutionConfigurationPlatforms) = preSolution
		Debug|Any CPU = Debug|Any CPU
		Release|Any CPU = Release|Any CPU
	EndGlobalSection
	GlobalSection(ProjectConfigurationPlatforms) = postSolution
		{6D6B161C-F037-4D4B-BD06-E251925FC25E}.Debug|Any CPU.ActiveCfg = Debug|Any CPU
		{6D6B161C-F037-4D4B-BD06-E251925FC25E}.Debug|Any CPU.Build.0 = Debug|Any CPU
		{6D6B161C-F037-4D4B-BD06-E251925FC25E}.Release|Any CPU.ActiveCfg = Release|Any CPU
		{6D6B161C-F037-4D4B-BD06-E251925FC25E}.Release|Any CPU.Build.0 = Release|Any CPU
		{1060D80B-1327-4470-82C6-A7615BD1D721}.Debug|Any CPU.ActiveCfg = Debug|Any CPU
		{1060D80B-1327-4470-82C6-A7615BD1D721}.Debug|Any CPU.Build.0 = Debug|Any CPU
		{1060D80B-1327-4470-82C6-A7615BD1D721}.Release|Any CPU.ActiveCfg = Release|Any CPU
		{1060D80B-1327-4470-82C6-A7615BD1D721}.Release|Any CPU.Build.0 = Release|Any CPU
		{FEBF39EA-0609-42C5-8933-7B9862746BD8}.Debug|Any CPU.ActiveCfg = Debug|Any CPU
		{FEBF39EA-0609-42C5-8933-7B9862746BD8}.Debug|Any CPU.Build.0 = Debug|Any CPU
		{FEBF39EA-0609-42C5-8933-7B9862746BD8}.Release|Any CPU.ActiveCfg = Release|Any CPU
		{FEBF39EA-0609-42C5-8933-7B9862746BD8}.Release|Any CPU.Build.0 = Release|Any CPU
	EndGlobalSection
	GlobalSection(SolutionProperties) = preSolution
		HideSolutionNode = FALSE
	EndGlobalSection
EndGlobal
